
Microsoft Visual Studio Solution File, Format Version 12.00
# Visual Studio 15
VisualStudioVersion = 15.0.26730.15
MinimumVisualStudioVersion = 10.0.40219.1
Project("{FAE04EC0-301F-11D3-BF4B-00C04F79EFBC}") = "AngularVSPrimeNg", "AngularVSPrimeNg\AngularVSPrimeNg.csproj", "{6A6D31DA-CA3A-4624-B322-EF50D087E713}"
EndProject
Global
	GlobalSection(SolutionConfigurationPlatforms) = preSolution
		Debug|Any CPU = Debug|Any CPU
		Release|Any CPU = Release|Any CPU
	EndGlobalSection
	GlobalSection(ProjectConfigurationPlatforms) = postSolution
		{6A6D31DA-CA3A-4624-B322-EF50D087E713}.Debug|Any CPU.ActiveCfg = Debug|Any CPU
		{6A6D31DA-CA3A-4624-B322-EF50D087E713}.Debug|Any CPU.Build.0 = Debug|Any CPU
		{6A6D31DA-CA3A-4624-B322-EF50D087E713}.Release|Any CPU.ActiveCfg = Release|Any CPU
		{6A6D31DA-CA3A-4624-B322-EF50D087E713}.Release|Any CPU.Build.0 = Release|Any CPU
	EndGlobalSection
	GlobalSection(SolutionProperties) = preSolution
		HideSolutionNode = FALSE
	EndGlobalSection
	GlobalSection(ExtensibilityGlobals) = postSolution
		SolutionGuid = {C0E21131-7B70-492A-99E2-FFE58929E6CF}
	EndGlobalSection
EndGlobal
